
Microsoft Visual Studio Solution File, Format Version 12.00
# Visual Studio 2013
VisualStudioVersion = 12.0.31101.0
MinimumVisualStudioVersion = 10.0.40219.1
Project("{FAE04EC0-301F-11D3-BF4B-00C04F79EFBC}") = "BJLibrary", "BJLibrary\BJLibrary.csproj", "{092CD3FF-FED5-4B3D-A9FC-290322F11441}"
EndProject
Project("{FAE04EC0-301F-11D3-BF4B-00C04F79EFBC}") = "Server", "Server\Server.csproj", "{78E506C5-4F73-41CC-9855-494FD42980A1}"
EndProject
Project("{FAE04EC0-301F-11D3-BF4B-00C04F79EFBC}") = "Client", "Client\Client.csproj", "{C79C9EFF-555B-418A-B2D9-8592AFB62A11}"
EndProject
Global
	GlobalSection(SolutionConfigurationPlatforms) = preSolution
		Debug|Any CPU = Debug|Any CPU
		Release|Any CPU = Release|Any CPU
	EndGlobalSection
	GlobalSection(ProjectConfigurationPlatforms) = postSolution
		{092CD3FF-FED5-4B3D-A9FC-290322F11441}.Debug|Any CPU.ActiveCfg = Debug|Any CPU
		{092CD3FF-FED5-4B3D-A9FC-290322F11441}.Debug|Any CPU.Build.0 = Debug|Any CPU
		{092CD3FF-FED5-4B3D-A9FC-290322F11441}.Release|Any CPU.ActiveCfg = Release|Any CPU
		{092CD3FF-FED5-4B3D-A9FC-290322F11441}.Release|Any CPU.Build.0 = Release|Any CPU
		{78E506C5-4F73-41CC-9855-494FD42980A1}.Debug|Any CPU.ActiveCfg = Debug|Any CPU
		{78E506C5-4F73-41CC-9855-494FD42980A1}.Debug|Any CPU.Build.0 = Debug|Any CPU
		{78E506C5-4F73-41CC-9855-494FD42980A1}.Release|Any CPU.ActiveCfg = Release|Any CPU
		{78E506C5-4F73-41CC-9855-494FD42980A1}.Release|Any CPU.Build.0 = Release|Any CPU
		{C79C9EFF-555B-418A-B2D9-8592AFB62A11}.Debug|Any CPU.ActiveCfg = Debug|Any CPU
		{C79C9EFF-555B-418A-B2D9-8592AFB62A11}.Debug|Any CPU.Build.0 = Debug|Any CPU
		{C79C9EFF-555B-418A-B2D9-8592AFB62A11}.Release|Any CPU.ActiveCfg = Release|Any CPU
		{C79C9EFF-555B-418A-B2D9-8592AFB62A11}.Release|Any CPU.Build.0 = Release|Any CPU
	EndGlobalSection
	GlobalSection(SolutionProperties) = preSolution
		HideSolutionNode = FALSE
	EndGlobalSection
EndGlobal
