
Microsoft Visual Studio Solution File, Format Version 12.00
# Visual Studio 2013
VisualStudioVersion = 12.0.31101.0
MinimumVisualStudioVersion = 10.0.40219.1
Project("{FAE04EC0-301F-11D3-BF4B-00C04F79EFBC}") = "BlackJackCL", "BlackJackCL\BlackJackCL.csproj", "{092CD3FF-FED5-4B3D-A9FC-290322F11441}"
EndProject
Project("{FAE04EC0-301F-11D3-BF4B-00C04F79EFBC}") = "Client", "Client\Client.csproj", "{C79C9EFF-555B-418A-B2D9-8592AFB62A11}"
EndProject
Project("{FAE04EC0-301F-11D3-BF4B-00C04F79EFBC}") = "BlackJackBL", "BlackJackBL\BlackJackBL.csproj", "{52CE6C0B-F06B-4DE5-8F7B-B32E40033887}"
EndProject
Project("{FAE04EC0-301F-11D3-BF4B-00C04F79EFBC}") = "UnitTest", "UnitTest\UnitTest.csproj", "{D46FD4B8-1078-4C25-BCC4-94AA9D07973B}"
EndProject
Global
	GlobalSection(SolutionConfigurationPlatforms) = preSolution
		Debug|Any CPU = Debug|Any CPU
		Release|Any CPU = Release|Any CPU
	EndGlobalSection
	GlobalSection(ProjectConfigurationPlatforms) = postSolution
		{092CD3FF-FED5-4B3D-A9FC-290322F11441}.Debug|Any CPU.ActiveCfg = Debug|Any CPU
		{092CD3FF-FED5-4B3D-A9FC-290322F11441}.Debug|Any CPU.Build.0 = Debug|Any CPU
		{092CD3FF-FED5-4B3D-A9FC-290322F11441}.Release|Any CPU.ActiveCfg = Release|Any CPU
		{092CD3FF-FED5-4B3D-A9FC-290322F11441}.Release|Any CPU.Build.0 = Release|Any CPU
		{C79C9EFF-555B-418A-B2D9-8592AFB62A11}.Debug|Any CPU.ActiveCfg = Debug|Any CPU
		{C79C9EFF-555B-418A-B2D9-8592AFB62A11}.Debug|Any CPU.Build.0 = Debug|Any CPU
		{C79C9EFF-555B-418A-B2D9-8592AFB62A11}.Release|Any CPU.ActiveCfg = Release|Any CPU
		{C79C9EFF-555B-418A-B2D9-8592AFB62A11}.Release|Any CPU.Build.0 = Release|Any CPU
		{52CE6C0B-F06B-4DE5-8F7B-B32E40033887}.Debug|Any CPU.ActiveCfg = Debug|Any CPU
		{52CE6C0B-F06B-4DE5-8F7B-B32E40033887}.Debug|Any CPU.Build.0 = Debug|Any CPU
		{52CE6C0B-F06B-4DE5-8F7B-B32E40033887}.Release|Any CPU.ActiveCfg = Release|Any CPU
		{52CE6C0B-F06B-4DE5-8F7B-B32E40033887}.Release|Any CPU.Build.0 = Release|Any CPU
		{D46FD4B8-1078-4C25-BCC4-94AA9D07973B}.Debug|Any CPU.ActiveCfg = Debug|Any CPU
		{D46FD4B8-1078-4C25-BCC4-94AA9D07973B}.Debug|Any CPU.Build.0 = Debug|Any CPU
		{D46FD4B8-1078-4C25-BCC4-94AA9D07973B}.Release|Any CPU.ActiveCfg = Release|Any CPU
		{D46FD4B8-1078-4C25-BCC4-94AA9D07973B}.Release|Any CPU.Build.0 = Release|Any CPU
	EndGlobalSection
	GlobalSection(SolutionProperties) = preSolution
		HideSolutionNode = FALSE
	EndGlobalSection
EndGlobal
